
Microsoft Visual Studio Solution File, Format Version 12.00
Project("{9A19103F-16F7-4668-BE54-9A1E7A4F7556}") = "FormsTizenGallery", "..\..\xamarin-forms-apps\FormsTizenGallery\FormsTizenGallery\FormsTizenGallery.csproj", "{0728D932-FB56-447F-9BFD-437D0E89FFF5}"
EndProject
Project("{9A19103F-16F7-4668-BE54-9A1E7A4F7556}") = "FormsTizenGallery.Tizen", "..\..\xamarin-forms-apps\FormsTizenGallery\FormsTizenGallery.Tizen\FormsTizenGallery.Tizen.csproj", "{D4BAED43-B00D-4C71-9CFE-6C383E91AED1}"
EndProject
Global
	GlobalSection(SolutionConfigurationPlatforms) = preSolution
		Debug|Any CPU = Debug|Any CPU
		Release|Any CPU = Release|Any CPU
	EndGlobalSection
	GlobalSection(ProjectConfigurationPlatforms) = postSolution
		{0728D932-FB56-447F-9BFD-437D0E89FFF5}.Debug|Any CPU.ActiveCfg = Debug|Any CPU
		{0728D932-FB56-447F-9BFD-437D0E89FFF5}.Debug|Any CPU.Build.0 = Debug|Any CPU
		{0728D932-FB56-447F-9BFD-437D0E89FFF5}.Release|Any CPU.ActiveCfg = Release|Any CPU
		{0728D932-FB56-447F-9BFD-437D0E89FFF5}.Release|Any CPU.Build.0 = Release|Any CPU
		{D4BAED43-B00D-4C71-9CFE-6C383E91AED1}.Debug|Any CPU.ActiveCfg = Debug|Any CPU
		{D4BAED43-B00D-4C71-9CFE-6C383E91AED1}.Debug|Any CPU.Build.0 = Debug|Any CPU
		{D4BAED43-B00D-4C71-9CFE-6C383E91AED1}.Release|Any CPU.ActiveCfg = Release|Any CPU
		{D4BAED43-B00D-4C71-9CFE-6C383E91AED1}.Release|Any CPU.Build.0 = Release|Any CPU
	EndGlobalSection
	GlobalSection(SolutionProperties) = preSolution
		HideSolutionNode = FALSE
	EndGlobalSection
	GlobalSection(ExtensibilityGlobals) = postSolution
		SolutionGuid = {8284115B-1349-4BC3-BAE5-E6DA04B29C64}
	EndGlobalSection
EndGlobal
