Microsoft Visual Studio Solution File, Format Version 12.00
# Visual Studio 15
VisualStudioVersion = 15.0.27004.2002
MinimumVisualStudioVersion = 10.0.40219.1
Project("{9A19103F-16F7-4668-BE54-9A1E7A4F7556}") = "Tizen.Appium.Forms", "Tizen.Appium.Forms\Tizen.Appium.Forms.csproj", "{EBF606BF-76A1-4938-842C-C1929D811F1F}"
EndProject
Project("{2150E333-8FDC-42A3-9474-1A3956D46DE8}") = "TestApp", "TestApp", "{47FEA9BB-16D2-4B34-8BF3-642CE35D651C}"
EndProject
Project("{9A19103F-16F7-4668-BE54-9A1E7A4F7556}") = "FormsApp", "FormsApp\FormsApp\FormsApp.csproj", "{E1E00FFD-CB21-4B5C-973E-78F0DD16427F}"
EndProject
Project("{9A19103F-16F7-4668-BE54-9A1E7A4F7556}") = "FormsApp.Tizen.Mobile", "FormsApp\FormsApp.Tizen.Mobile\FormsApp.Tizen.Mobile.csproj", "{B930604A-D99E-4509-ABB4-BF61E7688CFE}"
EndProject
Project("{D954291E-2A0B-460D-934E-DC6B0785DB48}") = "Tizen.Appium", "Tizen.Appium\Tizen.Appium.shproj", "{9CF5436F-DDD1-4BBB-A9D3-41B6646A44FC}"
EndProject
Global
	GlobalSection(SharedMSBuildProjectFiles) = preSolution
		Tizen.Appium\Tizen.Appium.projitems*{9cf5436f-ddd1-4bbb-a9d3-41b6646a44fc}*SharedItemsImports = 13
	EndGlobalSection
	GlobalSection(SolutionConfigurationPlatforms) = preSolution
		Debug|Any CPU = Debug|Any CPU
		Release|Any CPU = Release|Any CPU
	EndGlobalSection
	GlobalSection(ProjectConfigurationPlatforms) = postSolution
		{EBF606BF-76A1-4938-842C-C1929D811F1F}.Debug|Any CPU.ActiveCfg = Debug|Any CPU
		{EBF606BF-76A1-4938-842C-C1929D811F1F}.Debug|Any CPU.Build.0 = Debug|Any CPU
		{EBF606BF-76A1-4938-842C-C1929D811F1F}.Release|Any CPU.ActiveCfg = Release|Any CPU
		{EBF606BF-76A1-4938-842C-C1929D811F1F}.Release|Any CPU.Build.0 = Release|Any CPU
		{E1E00FFD-CB21-4B5C-973E-78F0DD16427F}.Debug|Any CPU.ActiveCfg = Debug|Any CPU
		{E1E00FFD-CB21-4B5C-973E-78F0DD16427F}.Debug|Any CPU.Build.0 = Debug|Any CPU
		{E1E00FFD-CB21-4B5C-973E-78F0DD16427F}.Release|Any CPU.ActiveCfg = Release|Any CPU
		{E1E00FFD-CB21-4B5C-973E-78F0DD16427F}.Release|Any CPU.Build.0 = Release|Any CPU
		{B930604A-D99E-4509-ABB4-BF61E7688CFE}.Debug|Any CPU.ActiveCfg = Debug|Any CPU
		{B930604A-D99E-4509-ABB4-BF61E7688CFE}.Debug|Any CPU.Build.0 = Debug|Any CPU
		{B930604A-D99E-4509-ABB4-BF61E7688CFE}.Release|Any CPU.ActiveCfg = Release|Any CPU
		{B930604A-D99E-4509-ABB4-BF61E7688CFE}.Release|Any CPU.Build.0 = Release|Any CPU
	EndGlobalSection
	GlobalSection(SolutionProperties) = preSolution
		HideSolutionNode = FALSE
	EndGlobalSection
	GlobalSection(NestedProjects) = preSolution
		{E1E00FFD-CB21-4B5C-973E-78F0DD16427F} = {47FEA9BB-16D2-4B34-8BF3-642CE35D651C}
		{B930604A-D99E-4509-ABB4-BF61E7688CFE} = {47FEA9BB-16D2-4B34-8BF3-642CE35D651C}
	EndGlobalSection
	GlobalSection(ExtensibilityGlobals) = postSolution
		SolutionGuid = {CEB280B8-C432-4094-9CAF-45E958A764A3}
	EndGlobalSection
EndGlobal
