Microsoft Visual Studio Solution File, Format Version 12.00
# Visual Studio 15
VisualStudioVersion = 15.0.27004.2002
MinimumVisualStudioVersion = 10.0.40219.1
Project("{9A19103F-16F7-4668-BE54-9A1E7A4F7556}") = "Tizen.Appium.Forms", "Tizen.Appium.Forms\Tizen.Appium.Forms.csproj", "{EBF606BF-76A1-4938-842C-C1929D811F1F}"
EndProject
Project("{2150E333-8FDC-42A3-9474-1A3956D46DE8}") = "test", "test", "{47FEA9BB-16D2-4B34-8BF3-642CE35D651C}"
EndProject
Project("{D954291E-2A0B-460D-934E-DC6B0785DB48}") = "Tizen.Appium.Shared", "Tizen.Appium.Shared\Tizen.Appium.Shared.shproj", "{9CF5436F-DDD1-4BBB-A9D3-41B6646A44FC}"
EndProject
Project("{9A19103F-16F7-4668-BE54-9A1E7A4F7556}") = "Tizen.Appium", "Tizen.Appium\Tizen.Appium.csproj", "{9AD47168-6015-4B5B-B772-C4486FAD5056}"
EndProject
Project("{9A19103F-16F7-4668-BE54-9A1E7A4F7556}") = "FormsApp", "test\FormsApp\FormsApp\FormsApp.csproj", "{0E9F0668-7A02-4452-B506-33F48F8BFECD}"
EndProject
Project("{9A19103F-16F7-4668-BE54-9A1E7A4F7556}") = "FormsApp.Tizen.Mobile", "test\FormsApp\FormsApp.Tizen.Mobile\FormsApp.Tizen.Mobile.csproj", "{271A6F44-DEE1-4E7E-8F05-03D703CC90BE}"
EndProject
Project("{2150E333-8FDC-42A3-9474-1A3956D46DE8}") = "Xamarin.Forms", "Xamarin.Forms", "{36BE8E2B-3EA2-421E-9344-45817A595FC0}"
EndProject
Project("{2150E333-8FDC-42A3-9474-1A3956D46DE8}") = "ElmSharp", "ElmSharp", "{AD2370C5-0211-4ABD-984E-0604F0828059}"
EndProject
Project("{2150E333-8FDC-42A3-9474-1A3956D46DE8}") = "NUI", "NUI", "{666A1D69-1FD9-466C-A6FC-66ED7590AE5F}"
EndProject
Project("{9A19103F-16F7-4668-BE54-9A1E7A4F7556}") = "ElmSharpApp", "test\ElmSharpApp\ElmSharpApp.csproj", "{E1E62921-ED91-48E8-A683-F260DC13F9F5}"
EndProject
Project("{9A19103F-16F7-4668-BE54-9A1E7A4F7556}") = "NUIApp", "test\NUIApp\NUIApp.csproj", "{18614478-4FA3-44DC-AB99-9FE27CB67A52}"
EndProject
Project("{2150E333-8FDC-42A3-9474-1A3956D46DE8}") = "UItest", "UItest", "{753E34A8-EB16-44CC-A64A-D0ACCB1A8B42}"
EndProject
Project("{9A19103F-16F7-4668-BE54-9A1E7A4F7556}") = "UITest", "test\UITest\UITest.csproj", "{54B7235D-9B99-4DEF-907B-C6F19ED26513}"
EndProject
Global
	GlobalSection(SharedMSBuildProjectFiles) = preSolution
		Tizen.Appium.Shared\Tizen.Appium.projitems*{9cf5436f-ddd1-4bbb-a9d3-41b6646a44fc}*SharedItemsImports = 13
	EndGlobalSection
	GlobalSection(SolutionConfigurationPlatforms) = preSolution
		Debug|Any CPU = Debug|Any CPU
		Release|Any CPU = Release|Any CPU
	EndGlobalSection
	GlobalSection(ProjectConfigurationPlatforms) = postSolution
		{EBF606BF-76A1-4938-842C-C1929D811F1F}.Debug|Any CPU.ActiveCfg = Debug|Any CPU
		{EBF606BF-76A1-4938-842C-C1929D811F1F}.Debug|Any CPU.Build.0 = Debug|Any CPU
		{EBF606BF-76A1-4938-842C-C1929D811F1F}.Release|Any CPU.ActiveCfg = Release|Any CPU
		{EBF606BF-76A1-4938-842C-C1929D811F1F}.Release|Any CPU.Build.0 = Release|Any CPU
		{9AD47168-6015-4B5B-B772-C4486FAD5056}.Debug|Any CPU.ActiveCfg = Debug|Any CPU
		{9AD47168-6015-4B5B-B772-C4486FAD5056}.Debug|Any CPU.Build.0 = Debug|Any CPU
		{9AD47168-6015-4B5B-B772-C4486FAD5056}.Release|Any CPU.ActiveCfg = Release|Any CPU
		{9AD47168-6015-4B5B-B772-C4486FAD5056}.Release|Any CPU.Build.0 = Release|Any CPU
		{0E9F0668-7A02-4452-B506-33F48F8BFECD}.Debug|Any CPU.ActiveCfg = Debug|Any CPU
		{0E9F0668-7A02-4452-B506-33F48F8BFECD}.Debug|Any CPU.Build.0 = Debug|Any CPU
		{0E9F0668-7A02-4452-B506-33F48F8BFECD}.Release|Any CPU.ActiveCfg = Release|Any CPU
		{0E9F0668-7A02-4452-B506-33F48F8BFECD}.Release|Any CPU.Build.0 = Release|Any CPU
		{271A6F44-DEE1-4E7E-8F05-03D703CC90BE}.Debug|Any CPU.ActiveCfg = Debug|Any CPU
		{271A6F44-DEE1-4E7E-8F05-03D703CC90BE}.Debug|Any CPU.Build.0 = Debug|Any CPU
		{271A6F44-DEE1-4E7E-8F05-03D703CC90BE}.Release|Any CPU.ActiveCfg = Release|Any CPU
		{271A6F44-DEE1-4E7E-8F05-03D703CC90BE}.Release|Any CPU.Build.0 = Release|Any CPU
		{E1E62921-ED91-48E8-A683-F260DC13F9F5}.Debug|Any CPU.ActiveCfg = Debug|Any CPU
		{E1E62921-ED91-48E8-A683-F260DC13F9F5}.Debug|Any CPU.Build.0 = Debug|Any CPU
		{E1E62921-ED91-48E8-A683-F260DC13F9F5}.Release|Any CPU.ActiveCfg = Release|Any CPU
		{E1E62921-ED91-48E8-A683-F260DC13F9F5}.Release|Any CPU.Build.0 = Release|Any CPU
		{18614478-4FA3-44DC-AB99-9FE27CB67A52}.Debug|Any CPU.ActiveCfg = Debug|Any CPU
		{18614478-4FA3-44DC-AB99-9FE27CB67A52}.Debug|Any CPU.Build.0 = Debug|Any CPU
		{18614478-4FA3-44DC-AB99-9FE27CB67A52}.Release|Any CPU.ActiveCfg = Release|Any CPU
		{18614478-4FA3-44DC-AB99-9FE27CB67A52}.Release|Any CPU.Build.0 = Release|Any CPU
		{54B7235D-9B99-4DEF-907B-C6F19ED26513}.Debug|Any CPU.ActiveCfg = Debug|Any CPU
		{54B7235D-9B99-4DEF-907B-C6F19ED26513}.Debug|Any CPU.Build.0 = Debug|Any CPU
		{54B7235D-9B99-4DEF-907B-C6F19ED26513}.Release|Any CPU.ActiveCfg = Release|Any CPU
		{54B7235D-9B99-4DEF-907B-C6F19ED26513}.Release|Any CPU.Build.0 = Release|Any CPU
	EndGlobalSection
	GlobalSection(SolutionProperties) = preSolution
		HideSolutionNode = FALSE
	EndGlobalSection
	GlobalSection(NestedProjects) = preSolution
		{0E9F0668-7A02-4452-B506-33F48F8BFECD} = {36BE8E2B-3EA2-421E-9344-45817A595FC0}
		{271A6F44-DEE1-4E7E-8F05-03D703CC90BE} = {36BE8E2B-3EA2-421E-9344-45817A595FC0}
		{36BE8E2B-3EA2-421E-9344-45817A595FC0} = {47FEA9BB-16D2-4B34-8BF3-642CE35D651C}
		{AD2370C5-0211-4ABD-984E-0604F0828059} = {47FEA9BB-16D2-4B34-8BF3-642CE35D651C}
		{666A1D69-1FD9-466C-A6FC-66ED7590AE5F} = {47FEA9BB-16D2-4B34-8BF3-642CE35D651C}
		{E1E62921-ED91-48E8-A683-F260DC13F9F5} = {AD2370C5-0211-4ABD-984E-0604F0828059}
		{18614478-4FA3-44DC-AB99-9FE27CB67A52} = {666A1D69-1FD9-466C-A6FC-66ED7590AE5F}
		{753E34A8-EB16-44CC-A64A-D0ACCB1A8B42} = {47FEA9BB-16D2-4B34-8BF3-642CE35D651C}
		{54B7235D-9B99-4DEF-907B-C6F19ED26513} = {753E34A8-EB16-44CC-A64A-D0ACCB1A8B42}
	EndGlobalSection
	GlobalSection(ExtensibilityGlobals) = postSolution
		SolutionGuid = {CEB280B8-C432-4094-9CAF-45E958A764A3}
	EndGlobalSection
EndGlobal
